
Microsoft Visual Studio Solution File, Format Version 12.00
# Visual Studio Version 16
VisualStudioVersion = 16.0.30225.117
MinimumVisualStudioVersion = 10.0.40219.1
Project("{FAE04EC0-301F-11D3-BF4B-00C04F79EFBC}") = "WebApplication1", "WebApplication1\WebApplication1.csproj", "{B89153A7-0D7D-435A-93C5-13775CC85D9B}"
EndProject
Global
	GlobalSection(SolutionConfigurationPlatforms) = preSolution
		Debug|Any CPU = Debug|Any CPU
		Release|Any CPU = Release|Any CPU
	EndGlobalSection
	GlobalSection(ProjectConfigurationPlatforms) = postSolution
		{B89153A7-0D7D-435A-93C5-13775CC85D9B}.Debug|Any CPU.ActiveCfg = Debug|Any CPU
		{B89153A7-0D7D-435A-93C5-13775CC85D9B}.Debug|Any CPU.Build.0 = Debug|Any CPU
		{B89153A7-0D7D-435A-93C5-13775CC85D9B}.Release|Any CPU.ActiveCfg = Release|Any CPU
		{B89153A7-0D7D-435A-93C5-13775CC85D9B}.Release|Any CPU.Build.0 = Release|Any CPU
	EndGlobalSection
	GlobalSection(SolutionProperties) = preSolution
		HideSolutionNode = FALSE
	EndGlobalSection
	GlobalSection(ExtensibilityGlobals) = postSolution
		SolutionGuid = {A67A1FCA-A93D-4DD9-8A19-AE9328E15C7A}
	EndGlobalSection
EndGlobal
